
Microsoft Visual Studio Solution File, Format Version 12.00
# Visual Studio Version 16
VisualStudioVersion = 16.0.32002.261
MinimumVisualStudioVersion = 10.0.40219.1
Project("{FAE04EC0-301F-11D3-BF4B-00C04F79EFBC}") = "Laba 3.11", "Laba 3.11\Laba 3.11.csproj", "{163459B3-F6F3-4854-B8E6-91B39D8A45D9}"
EndProject
Global
	GlobalSection(SolutionConfigurationPlatforms) = preSolution
		Debug|Any CPU = Debug|Any CPU
		Release|Any CPU = Release|Any CPU
	EndGlobalSection
	GlobalSection(ProjectConfigurationPlatforms) = postSolution
		{163459B3-F6F3-4854-B8E6-91B39D8A45D9}.Debug|Any CPU.ActiveCfg = Debug|Any CPU
		{163459B3-F6F3-4854-B8E6-91B39D8A45D9}.Debug|Any CPU.Build.0 = Debug|Any CPU
		{163459B3-F6F3-4854-B8E6-91B39D8A45D9}.Release|Any CPU.ActiveCfg = Release|Any CPU
		{163459B3-F6F3-4854-B8E6-91B39D8A45D9}.Release|Any CPU.Build.0 = Release|Any CPU
	EndGlobalSection
	GlobalSection(SolutionProperties) = preSolution
		HideSolutionNode = FALSE
	EndGlobalSection
	GlobalSection(ExtensibilityGlobals) = postSolution
		SolutionGuid = {DB019086-7F6B-41C8-949B-CD8F12BEC1CD}
	EndGlobalSection
EndGlobal
